// !$*UTF8*$!
{
	archiveVersion = 1;
	classes = {
	};
	objectVersion = 46;
	objects = {

/* Begin PBXBuildFile section */
		C2F2BA7E176AC35E007D68B9 /* UIKit.framework in Frameworks */ = {isa = PBXBuildFile; fileRef = C2F2BA7D176AC35E007D68B9 /* UIKit.framework */; };
		C2F2BA80176AC35E007D68B9 /* Foundation.framework in Frameworks */ = {isa = PBXBuildFile; fileRef = C2F2BA7F176AC35E007D68B9 /* Foundation.framework */; };
		C2F2BA82176AC35E007D68B9 /* CoreGraphics.framework in Frameworks */ = {isa = PBXBuildFile; fileRef = C2F2BA81176AC35E007D68B9 /* CoreGraphics.framework */; };
		C2F2BA88176AC35E007D68B9 /* InfoPlist.strings in Resources */ = {isa = PBXBuildFile; fileRef = C2F2BA86176AC35E007D68B9 /* InfoPlist.strings */; };
		C2F2BA8A176AC35E007D68B9 /* main.m in Sources */ = {isa = PBXBuildFile; fileRef = C2F2BA89176AC35E007D68B9 /* main.m */; };
		C2F2BA8E176AC35E007D68B9 /* AppDelegate.m in Sources */ = {isa = PBXBuildFile; fileRef = C2F2BA8D176AC35E007D68B9 /* AppDelegate.m */; };
		C2F2BA90176AC35E007D68B9 /* Default.png in Resources */ = {isa = PBXBuildFile; fileRef = C2F2BA8F176AC35E007D68B9 /* Default.png */; };
		C2F2BA92176AC35E007D68B9 /* Default@2x.png in Resources */ = {isa = PBXBuildFile; fileRef = C2F2BA91176AC35E007D68B9 /* Default@2x.png */; };
		C2F2BA94176AC35E007D68B9 /* Default-568h@2x.png in Resources */ = {isa = PBXBuildFile; fileRef = C2F2BA93176AC35E007D68B9 /* Default-568h@2x.png */; };
		C2F2BA97176AC35E007D68B9 /* MainStoryboard.storyboard in Resources */ = {isa = PBXBuildFile; fileRef = C2F2BA95176AC35E007D68B9 /* MainStoryboard.storyboard */; };
		C2F2BA9A176AC35E007D68B9 /* ViewController.m in Sources */ = {isa = PBXBuildFile; fileRef = C2F2BA99176AC35E007D68B9 /* ViewController.m */; };
/* End PBXBuildFile section */

/* Begin PBXFileReference section */
		C2F2BA7A176AC35E007D68B9 /* UITableViewSample.app */ = {isa = PBXFileReference; explicitFileType = wrapper.application; includeInIndex = 0; path = UITableViewSample.app; sourceTree = BUILT_PRODUCTS_DIR; };
		C2F2BA7D176AC35E007D68B9 /* UIKit.framework */ = {isa = PBXFileReference; lastKnownFileType = wrapper.framework; name = UIKit.framework; path = System/Library/Frameworks/UIKit.framework; sourceTree = SDKROOT; };
		C2F2BA7F176AC35E007D68B9 /* Foundation.framework */ = {isa = PBXFileReference; lastKnownFileType = wrapper.framework; name = Foundation.framework; path = System/Library/Frameworks/Foundation.framework; sourceTree = SDKROOT; };
		C2F2BA81176AC35E007D68B9 /* CoreGraphics.framework */ = {isa = PBXFileReference; lastKnownFileType = wrapper.framework; name = CoreGraphics.framework; path = System/Library/Frameworks/CoreGraphics.framework; sourceTree = SDKROOT; };
		C2F2BA85176AC35E007D68B9 /* UITableViewSample-Info.plist */ = {isa = PBXFileReference; lastKnownFileType = text.plist.xml; path = "UITableViewSample-Info.plist"; sourceTree = "<group>"; };
		C2F2BA87176AC35E007D68B9 /* en */ = {isa = PBXFileReference; lastKnownFileType = text.plist.strings; name = en; path = en.lproj/InfoPlist.strings; sourceTree = "<group>"; };
		C2F2BA89176AC35E007D68B9 /* main.m */ = {isa = PBXFileReference; lastKnownFileType = sourcecode.c.objc; path = main.m; sourceTree = "<group>"; };
		C2F2BA8B176AC35E007D68B9 /* UITableViewSample-Prefix.pch */ = {isa = PBXFileReference; lastKnownFileType = sourcecode.c.h; path = "UITableViewSample-Prefix.pch"; sourceTree = "<group>"; };
		C2F2BA8C176AC35E007D68B9 /* AppDelegate.h */ = {isa = PBXFileReference; lastKnownFileType = sourcecode.c.h; path = AppDelegate.h; sourceTree = "<group>"; };
		C2F2BA8D176AC35E007D68B9 /* AppDelegate.m */ = {isa = PBXFileReference; lastKnownFileType = sourcecode.c.objc; path = AppDelegate.m; sourceTree = "<group>"; };
		C2F2BA8F176AC35E007D68B9 /* Default.png */ = {isa = PBXFileReference; lastKnownFileType = image.png; path = Default.png; sourceTree = "<group>"; };
		C2F2BA91176AC35E007D68B9 /* Default@2x.png */ = {isa = PBXFileReference; lastKnownFileType = image.png; path = "Default@2x.png"; sourceTree = "<group>"; };
		C2F2BA93176AC35E007D68B9 /* Default-568h@2x.png */ = {isa = PBXFileReference; lastKnownFileType = image.png; path = "Default-568h@2x.png"; sourceTree = "<group>"; };
		C2F2BA96176AC35E007D68B9 /* en */ = {isa = PBXFileReference; lastKnownFileType = file.storyboard; name = en; path = en.lproj/MainStoryboard.storyboard; sourceTree = "<group>"; };
		C2F2BA98176AC35E007D68B9 /* ViewController.h */ = {isa = PBXFileReference; lastKnownFileType = sourcecode.c.h; path = ViewController.h; sourceTree = "<group>"; };
		C2F2BA99176AC35E007D68B9 /* ViewController.m */ = {isa = PBXFileReference; lastKnownFileType = sourcecode.c.objc; path = ViewController.m; sourceTree = "<group>"; };
/* End PBXFileReference section */

/* Begin PBXFrameworksBuildPhase section */
		C2F2BA77176AC35E007D68B9 /* Frameworks */ = {
			isa = PBXFrameworksBuildPhase;
			buildActionMask = 2147483647;
			files = (
				C2F2BA7E176AC35E007D68B9 /* UIKit.framework in Frameworks */,
				C2F2BA80176AC35E007D68B9 /* Foundation.framework in Frameworks */,
				C2F2BA82176AC35E007D68B9 /* CoreGraphics.framework in Frameworks */,
			);
			runOnlyForDeploymentPostprocessing = 0;
		};
/* End PBXFrameworksBuildPhase section */

/* Begin PBXGroup section */
		C2F2BA71176AC35E007D68B9 = {
			isa = PBXGroup;
			children = (
				C2F2BA83176AC35E007D68B9 /* UITableViewSample */,
				C2F2BA7C176AC35E007D68B9 /* Frameworks */,
				C2F2BA7B176AC35E007D68B9 /* Products */,
			);
			sourceTree = "<group>";
		};
		C2F2BA7B176AC35E007D68B9 /* Products */ = {
			isa = PBXGroup;
			children = (
				C2F2BA7A176AC35E007D68B9 /* UITableViewSample.app */,
			);
			name = Products;
			sourceTree = "<group>";
		};
		C2F2BA7C176AC35E007D68B9 /* Frameworks */ = {
			isa = PBXGroup;
			children = (
				C2F2BA7D176AC35E007D68B9 /* UIKit.framework */,
				C2F2BA7F176AC35E007D68B9 /* Foundation.framework */,
				C2F2BA81176AC35E007D68B9 /* CoreGraphics.framework */,
			);
			name = Frameworks;
			sourceTree = "<group>";
		};
		C2F2BA83176AC35E007D68B9 /* UITableViewSample */ = {
			isa = PBXGroup;
			children = (
				C2F2BA8C176AC35E007D68B9 /* AppDelegate.h */,
				C2F2BA8D176AC35E007D68B9 /* AppDelegate.m */,
				C2F2BA95176AC35E007D68B9 /* MainStoryboard.storyboard */,
				C2F2BA98176AC35E007D68B9 /* ViewController.h */,
				C2F2BA99176AC35E007D68B9 /* ViewController.m */,
				C2F2BA84176AC35E007D68B9 /* Supporting Files */,
			);
			path = UITableViewSample;
			sourceTree = "<group>";
		};
		C2F2BA84176AC35E007D68B9 /* Supporting Files */ = {
			isa = PBXGroup;
			children = (
				C2F2BA85176AC35E007D68B9 /* UITableViewSample-Info.plist */,
				C2F2BA86176AC35E007D68B9 /* InfoPlist.strings */,
				C2F2BA89176AC35E007D68B9 /* main.m */,
				C2F2BA8B176AC35E007D68B9 /* UITableViewSample-Prefix.pch */,
				C2F2BA8F176AC35E007D68B9 /* Default.png */,
				C2F2BA91176AC35E007D68B9 /* Default@2x.png */,
				C2F2BA93176AC35E007D68B9 /* Default-568h@2x.png */,
			);
			name = "Supporting Files";
			sourceTree = "<group>";
		};
/* End PBXGroup section */

/* Begin PBXNativeTarget section */
		C2F2BA79176AC35E007D68B9 /* UITableViewSample */ = {
			isa = PBXNativeTarget;
			buildConfigurationList = C2F2BA9D176AC35E007D68B9 /* Build configuration list for PBXNativeTarget "UITableViewSample" */;
			buildPhases = (
				C2F2BA76176AC35E007D68B9 /* Sources */,
				C2F2BA77176AC35E007D68B9 /* Frameworks */,
				C2F2BA78176AC35E007D68B9 /* Resources */,
			);
			buildRules = (
			);
			dependencies = (
			);
			name = UITableViewSample;
			productName = UITableViewSample;
			productReference = C2F2BA7A176AC35E007D68B9 /* UITableViewSample.app */;
			productType = "com.apple.product-type.application";
		};
/* End PBXNativeTarget section */

/* Begin PBXProject section */
		C2F2BA72176AC35E007D68B9 /* Project object */ = {
			isa = PBXProject;
			attributes = {
				LastUpgradeCheck = 0460;
				ORGANIZATIONNAME = Dolice;
			};
			buildConfigurationList = C2F2BA75176AC35E007D68B9 /* Build configuration list for PBXProject "UITableViewSample" */;
			compatibilityVersion = "Xcode 3.2";
			developmentRegion = English;
			hasScannedForEncodings = 0;
			knownRegions = (
				en,
			);
			mainGroup = C2F2BA71176AC35E007D68B9;
			productRefGroup = C2F2BA7B176AC35E007D68B9 /* Products */;
			projectDirPath = "";
			projectRoot = "";
			targets = (
				C2F2BA79176AC35E007D68B9 /* UITableViewSample */,
			);
		};
/* End PBXProject section */

/* Begin PBXResourcesBuildPhase section */
		C2F2BA78176AC35E007D68B9 /* Resources */ = {
			isa = PBXResourcesBuildPhase;
			buildActionMask = 2147483647;
			files = (
				C2F2BA88176AC35E007D68B9 /* InfoPlist.strings in Resources */,
				C2F2BA90176AC35E007D68B9 /* Default.png in Resources */,
				C2F2BA92176AC35E007D68B9 /* Default@2x.png in Resources */,
				C2F2BA94176AC35E007D68B9 /* Default-568h@2x.png in Resources */,
				C2F2BA97176AC35E007D68B9 /* MainStoryboard.storyboard in Resources */,
			);
			runOnlyForDeploymentPostprocessing = 0;
		};
/* End PBXResourcesBuildPhase section */

/* Begin PBXSourcesBuildPhase section */
		C2F2BA76176AC35E007D68B9 /* Sources */ = {
			isa = PBXSourcesBuildPhase;
			buildActionMask = 2147483647;
			files = (
				C2F2BA8A176AC35E007D68B9 /* main.m in Sources */,
				C2F2BA8E176AC35E007D68B9 /* AppDelegate.m in Sources */,
				C2F2BA9A176AC35E007D68B9 /* ViewController.m in Sources */,
			);
			runOnlyForDeploymentPostprocessing = 0;
		};
/* End PBXSourcesBuildPhase section */

/* Begin PBXVariantGroup section */
		C2F2BA86176AC35E007D68B9 /* InfoPlist.strings */ = {
			isa = PBXVariantGroup;
			children = (
				C2F2BA87176AC35E007D68B9 /* en */,
			);
			name = InfoPlist.strings;
			sourceTree = "<group>";
		};
		C2F2BA95176AC35E007D68B9 /* MainStoryboard.storyboard */ = {
			isa = PBXVariantGroup;
			children = (
				C2F2BA96176AC35E007D68B9 /* en */,
			);
			name = MainStoryboard.storyboard;
			sourceTree = "<group>";
		};
/* End PBXVariantGroup section */

/* Begin XCBuildConfiguration section */
		C2F2BA9B176AC35E007D68B9 /* Debug */ = {
			isa = XCBuildConfiguration;
			buildSettings = {
				ALWAYS_SEARCH_USER_PATHS = NO;
				CLANG_CXX_LANGUAGE_STANDARD = "gnu++0x";
				CLANG_CXX_LIBRARY = "libc++";
				CLANG_ENABLE_OBJC_ARC = YES;
				CLANG_WARN_CONSTANT_CONVERSION = YES;
				CLANG_WARN_EMPTY_BODY = YES;
				CLANG_WARN_ENUM_CONVERSION = YES;
				CLANG_WARN_INT_CONVERSION = YES;
				CLANG_WARN__DUPLICATE_METHOD_MATCH = YES;
				"CODE_SIGN_IDENTITY[sdk=iphoneos*]" = "iPhone Developer";
				COPY_PHASE_STRIP = NO;
				GCC_C_LANGUAGE_STANDARD = gnu99;
				GCC_DYNAMIC_NO_PIC = NO;
				GCC_OPTIMIZATION_LEVEL = 0;
				GCC_PREPROCESSOR_DEFINITIONS = (
					"DEBUG=1",
					"$(inherited)",
				);
				GCC_SYMBOLS_PRIVATE_EXTERN = NO;
				GCC_WARN_ABOUT_RETURN_TYPE = YES;
				GCC_WARN_UNINITIALIZED_AUTOS = YES;
				GCC_WARN_UNUSED_VARIABLE = YES;
				IPHONEOS_DEPLOYMENT_TARGET = 6.1;
				ONLY_ACTIVE_ARCH = YES;
				SDKROOT = iphoneos;
			};
			name = Debug;
		};
		C2F2BA9C176AC35E007D68B9 /* Release */ = {
			isa = XCBuildConfiguration;
			buildSettings = {
				ALWAYS_SEARCH_USER_PATHS = NO;
				CLANG_CXX_LANGUAGE_STANDARD = "gnu++0x";
				CLANG_CXX_LIBRARY = "libc++";
				CLANG_ENABLE_OBJC_ARC = YES;
				CLANG_WARN_CONSTANT_CONVERSION = YES;
				CLANG_WARN_EMPTY_BODY = YES;
				CLANG_WARN_ENUM_CONVERSION = YES;
				CLANG_WARN_INT_CONVERSION = YES;
				CLANG_WARN__DUPLICATE_METHOD_MATCH = YES;
				"CODE_SIGN_IDENTITY[sdk=iphoneos*]" = "iPhone Developer";
				COPY_PHASE_STRIP = YES;
				GCC_C_LANGUAGE_STANDARD = gnu99;
				GCC_WARN_ABOUT_RETURN_TYPE = YES;
				GCC_WARN_UNINITIALIZED_AUTOS = YES;
				GCC_WARN_UNUSED_VARIABLE = YES;
				IPHONEOS_DEPLOYMENT_TARGET = 6.1;
				OTHER_CFLAGS = "-DNS_BLOCK_ASSERTIONS=1";
				SDKROOT = iphoneos;
				VALIDATE_PRODUCT = YES;
			};
			name = Release;
		};
		C2F2BA9E176AC35E007D68B9 /* Debug */ = {
			isa = XCBuildConfiguration;
			buildSettings = {
				GCC_PRECOMPILE_PREFIX_HEADER = YES;
				GCC_PREFIX_HEADER = "UITableViewSample/UITableViewSample-Prefix.pch";
				INFOPLIST_FILE = "UITableViewSample/UITableViewSample-Info.plist";
				PRODUCT_NAME = "$(TARGET_NAME)";
				WRAPPER_EXTENSION = app;
			};
			name = Debug;
		};
		C2F2BA9F176AC35E007D68B9 /* Release */ = {
			isa = XCBuildConfiguration;
			buildSettings = {
				GCC_PRECOMPILE_PREFIX_HEADER = YES;
				GCC_PREFIX_HEADER = "UITableViewSample/UITableViewSample-Prefix.pch";
				INFOPLIST_FILE = "UITableViewSample/UITableViewSample-Info.plist";
				PRODUCT_NAME = "$(TARGET_NAME)";
				WRAPPER_EXTENSION = app;
			};
			name = Release;
		};
/* End XCBuildConfiguration section */

/* Begin XCConfigurationList section */
		C2F2BA75176AC35E007D68B9 /* Build configuration list for PBXProject "UITableViewSample" */ = {
			isa = XCConfigurationList;
			buildConfigurations = (
				C2F2BA9B176AC35E007D68B9 /* Debug */,
				C2F2BA9C176AC35E007D68B9 /* Release */,
			);
			defaultConfigurationIsVisible = 0;
			defaultConfigurationName = Release;
		};
		C2F2BA9D176AC35E007D68B9 /* Build configuration list for PBXNativeTarget "UITableViewSample" */ = {
			isa = XCConfigurationList;
			buildConfigurations = (
				C2F2BA9E176AC35E007D68B9 /* Debug */,
				C2F2BA9F176AC35E007D68B9 /* Release */,
			);
			defaultConfigurationIsVisible = 0;
		};
/* End XCConfigurationList section */
	};
	rootObject = C2F2BA72176AC35E007D68B9 /* Project object */;
}
